
Microsoft Visual Studio Solution File, Format Version 12.00
# Visual Studio Version 17
VisualStudioVersion = 17.11.35208.52
MinimumVisualStudioVersion = 10.0.40219.1
Project("{FAE04EC0-301F-11D3-BF4B-00C04F79EFBC}") = "BTVN01", "BTVN01\BTVN01.csproj", "{EE277EAE-8EBA-4884-8D83-C1CBFAFACE0A}"
EndProject
Global
	GlobalSection(SolutionConfigurationPlatforms) = preSolution
		Debug|Any CPU = Debug|Any CPU
		Release|Any CPU = Release|Any CPU
	EndGlobalSection
	GlobalSection(ProjectConfigurationPlatforms) = postSolution
		{EE277EAE-8EBA-4884-8D83-C1CBFAFACE0A}.Debug|Any CPU.ActiveCfg = Debug|Any CPU
		{EE277EAE-8EBA-4884-8D83-C1CBFAFACE0A}.Debug|Any CPU.Build.0 = Debug|Any CPU
		{EE277EAE-8EBA-4884-8D83-C1CBFAFACE0A}.Release|Any CPU.ActiveCfg = Release|Any CPU
		{EE277EAE-8EBA-4884-8D83-C1CBFAFACE0A}.Release|Any CPU.Build.0 = Release|Any CPU
	EndGlobalSection
	GlobalSection(SolutionProperties) = preSolution
		HideSolutionNode = FALSE
	EndGlobalSection
	GlobalSection(ExtensibilityGlobals) = postSolution
		SolutionGuid = {18D881E4-2F71-4422-B464-5D74C0C7A645}
	EndGlobalSection
EndGlobal
